
Microsoft Visual Studio Solution File, Format Version 12.00
# Visual Studio Version 16
VisualStudioVersion = 16.0.29326.143
MinimumVisualStudioVersion = 10.0.40219.1
Project("{9A19103F-16F7-4668-BE54-9A1E7A4F7556}") = "BenchmarkingSolution", "BenchmarkingSolution\BenchmarkingSolution.csproj", "{0C6D2A20-884C-4959-ABFF-69E4D90EE3EE}"
EndProject
Project("{FAE04EC0-301F-11D3-BF4B-00C04F79EFBC}") = "Xamarin.Essentials.Benchmarks", "Xamarin.Essentials.Benchmarks\Xamarin.Essentials.Benchmarks.csproj", "{F3454DDD-4353-4FD5-A7DF-FFBE78F2CBD9}"
EndProject
Global
	GlobalSection(SolutionConfigurationPlatforms) = preSolution
		Debug|Any CPU = Debug|Any CPU
		Release|Any CPU = Release|Any CPU
	EndGlobalSection
	GlobalSection(ProjectConfigurationPlatforms) = postSolution
		{0C6D2A20-884C-4959-ABFF-69E4D90EE3EE}.Debug|Any CPU.ActiveCfg = Debug|Any CPU
		{0C6D2A20-884C-4959-ABFF-69E4D90EE3EE}.Debug|Any CPU.Build.0 = Debug|Any CPU
		{0C6D2A20-884C-4959-ABFF-69E4D90EE3EE}.Release|Any CPU.ActiveCfg = Release|Any CPU
		{0C6D2A20-884C-4959-ABFF-69E4D90EE3EE}.Release|Any CPU.Build.0 = Release|Any CPU
		{F3454DDD-4353-4FD5-A7DF-FFBE78F2CBD9}.Debug|Any CPU.ActiveCfg = Debug|Any CPU
		{F3454DDD-4353-4FD5-A7DF-FFBE78F2CBD9}.Debug|Any CPU.Build.0 = Debug|Any CPU
		{F3454DDD-4353-4FD5-A7DF-FFBE78F2CBD9}.Release|Any CPU.ActiveCfg = Release|Any CPU
		{F3454DDD-4353-4FD5-A7DF-FFBE78F2CBD9}.Release|Any CPU.Build.0 = Release|Any CPU
	EndGlobalSection
	GlobalSection(SolutionProperties) = preSolution
		HideSolutionNode = FALSE
	EndGlobalSection
	GlobalSection(ExtensibilityGlobals) = postSolution
		SolutionGuid = {5150ECDB-280E-48FA-817A-9B4B098E6A78}
	EndGlobalSection
EndGlobal
